
Microsoft Visual Studio Solution File, Format Version 12.00
# Visual Studio Version 16
VisualStudioVersion = 16.0.29409.12
MinimumVisualStudioVersion = 10.0.40219.1
Project("{9A19103F-16F7-4668-BE54-9A1E7A4F7556}") = "HEF.Data", "src\HEF.Data\HEF.Data.csproj", "{503AA0F6-BAFD-40A8-A048-A68BC5F6FB3E}"
EndProject
Project("{2150E333-8FDC-42A3-9474-1A3956D46DE8}") = "Extensions", "Extensions", "{C3881D12-BADA-4261-A823-6DF825DD468A}"
EndProject
Project("{2150E333-8FDC-42A3-9474-1A3956D46DE8}") = "Common", "Common", "{B7604DB4-D15F-44AD-AD05-03CDF4BECC1A}"
EndProject
Project("{9A19103F-16F7-4668-BE54-9A1E7A4F7556}") = "HEF.Data.MySql", "src\HEF.Data.MySql\HEF.Data.MySql.csproj", "{48B0A396-105E-4419-B5A5-FDF8A6575867}"
EndProject
Project("{2150E333-8FDC-42A3-9474-1A3956D46DE8}") = "Test", "Test", "{B2E25360-0B31-4AF2-903A-CA601BFE2412}"
EndProject
Project("{9A19103F-16F7-4668-BE54-9A1E7A4F7556}") = "HEF.Repository", "src\HEF.Repository\HEF.Repository.csproj", "{7D73747C-0363-4292-963A-BFB3033702EB}"
EndProject
Project("{9A19103F-16F7-4668-BE54-9A1E7A4F7556}") = "HEF.Repository.Dapper", "src\HEF.Repository.Dapper\HEF.Repository.Dapper.csproj", "{FEB7FD4E-7765-4345-89B3-17B648818227}"
EndProject
Project("{9A19103F-16F7-4668-BE54-9A1E7A4F7556}") = "HEF.Sql", "src\HEF.Sql\HEF.Sql.csproj", "{9A80CFCB-FDE2-4737-8270-8D103837200D}"
EndProject
Project("{9A19103F-16F7-4668-BE54-9A1E7A4F7556}") = "HEF.Sql.Entity", "src\HEF.Sql.Entity\HEF.Sql.Entity.csproj", "{A19402F7-1531-4A5F-8CF8-093DBF501081}"
EndProject
Project("{9A19103F-16F7-4668-BE54-9A1E7A4F7556}") = "HEF.Expressions", "src\HEF.Expressions\HEF.Expressions.csproj", "{61CD8BF5-136E-4C6A-9F38-C1160EF0F152}"
EndProject
Project("{9A19103F-16F7-4668-BE54-9A1E7A4F7556}") = "HEF.Expressions.Sql", "src\HEF.Expressions.Sql\HEF.Expressions.Sql.csproj", "{8D23F688-B640-4889-BE23-AA33CD550462}"
EndProject
Project("{FAE04EC0-301F-11D3-BF4B-00C04F79EFBC}") = "HEF.Expressions.Sql.Test", "test\HEF.Expressions.Sql.Test\HEF.Expressions.Sql.Test.csproj", "{A824DF0B-F92D-45D6-90C6-163C0ECFC874}"
EndProject
Global
	GlobalSection(SolutionConfigurationPlatforms) = preSolution
		Debug|Any CPU = Debug|Any CPU
		Release|Any CPU = Release|Any CPU
	EndGlobalSection
	GlobalSection(ProjectConfigurationPlatforms) = postSolution
		{503AA0F6-BAFD-40A8-A048-A68BC5F6FB3E}.Debug|Any CPU.ActiveCfg = Debug|Any CPU
		{503AA0F6-BAFD-40A8-A048-A68BC5F6FB3E}.Debug|Any CPU.Build.0 = Debug|Any CPU
		{503AA0F6-BAFD-40A8-A048-A68BC5F6FB3E}.Release|Any CPU.ActiveCfg = Release|Any CPU
		{503AA0F6-BAFD-40A8-A048-A68BC5F6FB3E}.Release|Any CPU.Build.0 = Release|Any CPU
		{48B0A396-105E-4419-B5A5-FDF8A6575867}.Debug|Any CPU.ActiveCfg = Debug|Any CPU
		{48B0A396-105E-4419-B5A5-FDF8A6575867}.Debug|Any CPU.Build.0 = Debug|Any CPU
		{48B0A396-105E-4419-B5A5-FDF8A6575867}.Release|Any CPU.ActiveCfg = Release|Any CPU
		{48B0A396-105E-4419-B5A5-FDF8A6575867}.Release|Any CPU.Build.0 = Release|Any CPU
		{7D73747C-0363-4292-963A-BFB3033702EB}.Debug|Any CPU.ActiveCfg = Debug|Any CPU
		{7D73747C-0363-4292-963A-BFB3033702EB}.Debug|Any CPU.Build.0 = Debug|Any CPU
		{7D73747C-0363-4292-963A-BFB3033702EB}.Release|Any CPU.ActiveCfg = Release|Any CPU
		{7D73747C-0363-4292-963A-BFB3033702EB}.Release|Any CPU.Build.0 = Release|Any CPU
		{FEB7FD4E-7765-4345-89B3-17B648818227}.Debug|Any CPU.ActiveCfg = Debug|Any CPU
		{FEB7FD4E-7765-4345-89B3-17B648818227}.Debug|Any CPU.Build.0 = Debug|Any CPU
		{FEB7FD4E-7765-4345-89B3-17B648818227}.Release|Any CPU.ActiveCfg = Release|Any CPU
		{FEB7FD4E-7765-4345-89B3-17B648818227}.Release|Any CPU.Build.0 = Release|Any CPU
		{9A80CFCB-FDE2-4737-8270-8D103837200D}.Debug|Any CPU.ActiveCfg = Debug|Any CPU
		{9A80CFCB-FDE2-4737-8270-8D103837200D}.Debug|Any CPU.Build.0 = Debug|Any CPU
		{9A80CFCB-FDE2-4737-8270-8D103837200D}.Release|Any CPU.ActiveCfg = Release|Any CPU
		{9A80CFCB-FDE2-4737-8270-8D103837200D}.Release|Any CPU.Build.0 = Release|Any CPU
		{A19402F7-1531-4A5F-8CF8-093DBF501081}.Debug|Any CPU.ActiveCfg = Debug|Any CPU
		{A19402F7-1531-4A5F-8CF8-093DBF501081}.Debug|Any CPU.Build.0 = Debug|Any CPU
		{A19402F7-1531-4A5F-8CF8-093DBF501081}.Release|Any CPU.ActiveCfg = Release|Any CPU
		{A19402F7-1531-4A5F-8CF8-093DBF501081}.Release|Any CPU.Build.0 = Release|Any CPU
		{61CD8BF5-136E-4C6A-9F38-C1160EF0F152}.Debug|Any CPU.ActiveCfg = Debug|Any CPU
		{61CD8BF5-136E-4C6A-9F38-C1160EF0F152}.Debug|Any CPU.Build.0 = Debug|Any CPU
		{61CD8BF5-136E-4C6A-9F38-C1160EF0F152}.Release|Any CPU.ActiveCfg = Release|Any CPU
		{61CD8BF5-136E-4C6A-9F38-C1160EF0F152}.Release|Any CPU.Build.0 = Release|Any CPU
		{8D23F688-B640-4889-BE23-AA33CD550462}.Debug|Any CPU.ActiveCfg = Debug|Any CPU
		{8D23F688-B640-4889-BE23-AA33CD550462}.Debug|Any CPU.Build.0 = Debug|Any CPU
		{8D23F688-B640-4889-BE23-AA33CD550462}.Release|Any CPU.ActiveCfg = Release|Any CPU
		{8D23F688-B640-4889-BE23-AA33CD550462}.Release|Any CPU.Build.0 = Release|Any CPU
		{A824DF0B-F92D-45D6-90C6-163C0ECFC874}.Debug|Any CPU.ActiveCfg = Debug|Any CPU
		{A824DF0B-F92D-45D6-90C6-163C0ECFC874}.Debug|Any CPU.Build.0 = Debug|Any CPU
		{A824DF0B-F92D-45D6-90C6-163C0ECFC874}.Release|Any CPU.ActiveCfg = Release|Any CPU
		{A824DF0B-F92D-45D6-90C6-163C0ECFC874}.Release|Any CPU.Build.0 = Release|Any CPU
	EndGlobalSection
	GlobalSection(SolutionProperties) = preSolution
		HideSolutionNode = FALSE
	EndGlobalSection
	GlobalSection(NestedProjects) = preSolution
		{503AA0F6-BAFD-40A8-A048-A68BC5F6FB3E} = {B7604DB4-D15F-44AD-AD05-03CDF4BECC1A}
		{48B0A396-105E-4419-B5A5-FDF8A6575867} = {C3881D12-BADA-4261-A823-6DF825DD468A}
		{7D73747C-0363-4292-963A-BFB3033702EB} = {B7604DB4-D15F-44AD-AD05-03CDF4BECC1A}
		{FEB7FD4E-7765-4345-89B3-17B648818227} = {C3881D12-BADA-4261-A823-6DF825DD468A}
		{9A80CFCB-FDE2-4737-8270-8D103837200D} = {B7604DB4-D15F-44AD-AD05-03CDF4BECC1A}
		{A19402F7-1531-4A5F-8CF8-093DBF501081} = {C3881D12-BADA-4261-A823-6DF825DD468A}
		{61CD8BF5-136E-4C6A-9F38-C1160EF0F152} = {B7604DB4-D15F-44AD-AD05-03CDF4BECC1A}
		{8D23F688-B640-4889-BE23-AA33CD550462} = {C3881D12-BADA-4261-A823-6DF825DD468A}
		{A824DF0B-F92D-45D6-90C6-163C0ECFC874} = {B2E25360-0B31-4AF2-903A-CA601BFE2412}
	EndGlobalSection
	GlobalSection(ExtensibilityGlobals) = postSolution
		SolutionGuid = {82FC58E7-FFFB-4968-A0BC-AB73B8C72ED2}
	EndGlobalSection
EndGlobal
