
Microsoft Visual Studio Solution File, Format Version 12.00
# Visual Studio 15
VisualStudioVersion = 15.0.27428.2015
MinimumVisualStudioVersion = 10.0.40219.1
Project("{FAE04EC0-301F-11D3-BF4B-00C04F79EFBC}") = "HEF.Data", "src\HEF.Data\HEF.Data.csproj", "{503AA0F6-BAFD-40A8-A048-A68BC5F6FB3E}"
EndProject
Project("{FAE04EC0-301F-11D3-BF4B-00C04F79EFBC}") = "HEF.Repository", "src\HEF.Repository\HEF.Repository.csproj", "{7C09DA09-2F45-4EF9-8939-8875AFA5D12D}"
EndProject
Project("{FAE04EC0-301F-11D3-BF4B-00C04F79EFBC}") = "HEF.Service", "src\HEF.Service\HEF.Service.csproj", "{EDF168DE-D264-423B-AFDE-D3E0905E4FDD}"
EndProject
Global
	GlobalSection(SolutionConfigurationPlatforms) = preSolution
		Debug|Any CPU = Debug|Any CPU
		Release|Any CPU = Release|Any CPU
	EndGlobalSection
	GlobalSection(ProjectConfigurationPlatforms) = postSolution
		{503AA0F6-BAFD-40A8-A048-A68BC5F6FB3E}.Debug|Any CPU.ActiveCfg = Debug|Any CPU
		{503AA0F6-BAFD-40A8-A048-A68BC5F6FB3E}.Debug|Any CPU.Build.0 = Debug|Any CPU
		{503AA0F6-BAFD-40A8-A048-A68BC5F6FB3E}.Release|Any CPU.ActiveCfg = Release|Any CPU
		{503AA0F6-BAFD-40A8-A048-A68BC5F6FB3E}.Release|Any CPU.Build.0 = Release|Any CPU
		{7C09DA09-2F45-4EF9-8939-8875AFA5D12D}.Debug|Any CPU.ActiveCfg = Debug|Any CPU
		{7C09DA09-2F45-4EF9-8939-8875AFA5D12D}.Debug|Any CPU.Build.0 = Debug|Any CPU
		{7C09DA09-2F45-4EF9-8939-8875AFA5D12D}.Release|Any CPU.ActiveCfg = Release|Any CPU
		{7C09DA09-2F45-4EF9-8939-8875AFA5D12D}.Release|Any CPU.Build.0 = Release|Any CPU
		{EDF168DE-D264-423B-AFDE-D3E0905E4FDD}.Debug|Any CPU.ActiveCfg = Debug|Any CPU
		{EDF168DE-D264-423B-AFDE-D3E0905E4FDD}.Debug|Any CPU.Build.0 = Debug|Any CPU
		{EDF168DE-D264-423B-AFDE-D3E0905E4FDD}.Release|Any CPU.ActiveCfg = Release|Any CPU
		{EDF168DE-D264-423B-AFDE-D3E0905E4FDD}.Release|Any CPU.Build.0 = Release|Any CPU
	EndGlobalSection
	GlobalSection(SolutionProperties) = preSolution
		HideSolutionNode = FALSE
	EndGlobalSection
	GlobalSection(ExtensibilityGlobals) = postSolution
		SolutionGuid = {82FC58E7-FFFB-4968-A0BC-AB73B8C72ED2}
	EndGlobalSection
EndGlobal
