
Microsoft Visual Studio Solution File, Format Version 12.00
# Visual Studio Version 16
VisualStudioVersion = 16.0.29409.12
MinimumVisualStudioVersion = 10.0.40219.1
Project("{9A19103F-16F7-4668-BE54-9A1E7A4F7556}") = "HEF.Data", "src\HEF.Data\HEF.Data.csproj", "{503AA0F6-BAFD-40A8-A048-A68BC5F6FB3E}"
EndProject
Project("{2150E333-8FDC-42A3-9474-1A3956D46DE8}") = "Extensions", "Extensions", "{C3881D12-BADA-4261-A823-6DF825DD468A}"
EndProject
Project("{2150E333-8FDC-42A3-9474-1A3956D46DE8}") = "Common", "Common", "{B7604DB4-D15F-44AD-AD05-03CDF4BECC1A}"
EndProject
Project("{9A19103F-16F7-4668-BE54-9A1E7A4F7556}") = "HEF.Data.MySql", "src\HEF.Data.MySql\HEF.Data.MySql.csproj", "{48B0A396-105E-4419-B5A5-FDF8A6575867}"
EndProject
Project("{2150E333-8FDC-42A3-9474-1A3956D46DE8}") = "Test", "Test", "{B2E25360-0B31-4AF2-903A-CA601BFE2412}"
EndProject
Project("{9A19103F-16F7-4668-BE54-9A1E7A4F7556}") = "ConsoleTest", "test\ConsoleTest\ConsoleTest.csproj", "{913E5ACB-96C5-4104-BCEA-3DC2005F9977}"
EndProject
Project("{9A19103F-16F7-4668-BE54-9A1E7A4F7556}") = "WebAppTest", "test\WebAppTest\WebAppTest.csproj", "{A592CE8F-BE89-4557-9F08-3C2CA66025FB}"
EndProject
Global
	GlobalSection(SolutionConfigurationPlatforms) = preSolution
		Debug|Any CPU = Debug|Any CPU
		Release|Any CPU = Release|Any CPU
	EndGlobalSection
	GlobalSection(ProjectConfigurationPlatforms) = postSolution
		{503AA0F6-BAFD-40A8-A048-A68BC5F6FB3E}.Debug|Any CPU.ActiveCfg = Debug|Any CPU
		{503AA0F6-BAFD-40A8-A048-A68BC5F6FB3E}.Debug|Any CPU.Build.0 = Debug|Any CPU
		{503AA0F6-BAFD-40A8-A048-A68BC5F6FB3E}.Release|Any CPU.ActiveCfg = Release|Any CPU
		{503AA0F6-BAFD-40A8-A048-A68BC5F6FB3E}.Release|Any CPU.Build.0 = Release|Any CPU
		{48B0A396-105E-4419-B5A5-FDF8A6575867}.Debug|Any CPU.ActiveCfg = Debug|Any CPU
		{48B0A396-105E-4419-B5A5-FDF8A6575867}.Debug|Any CPU.Build.0 = Debug|Any CPU
		{48B0A396-105E-4419-B5A5-FDF8A6575867}.Release|Any CPU.ActiveCfg = Release|Any CPU
		{48B0A396-105E-4419-B5A5-FDF8A6575867}.Release|Any CPU.Build.0 = Release|Any CPU
		{913E5ACB-96C5-4104-BCEA-3DC2005F9977}.Debug|Any CPU.ActiveCfg = Debug|Any CPU
		{913E5ACB-96C5-4104-BCEA-3DC2005F9977}.Debug|Any CPU.Build.0 = Debug|Any CPU
		{913E5ACB-96C5-4104-BCEA-3DC2005F9977}.Release|Any CPU.ActiveCfg = Release|Any CPU
		{913E5ACB-96C5-4104-BCEA-3DC2005F9977}.Release|Any CPU.Build.0 = Release|Any CPU
		{A592CE8F-BE89-4557-9F08-3C2CA66025FB}.Debug|Any CPU.ActiveCfg = Debug|Any CPU
		{A592CE8F-BE89-4557-9F08-3C2CA66025FB}.Debug|Any CPU.Build.0 = Debug|Any CPU
		{A592CE8F-BE89-4557-9F08-3C2CA66025FB}.Release|Any CPU.ActiveCfg = Release|Any CPU
		{A592CE8F-BE89-4557-9F08-3C2CA66025FB}.Release|Any CPU.Build.0 = Release|Any CPU
	EndGlobalSection
	GlobalSection(SolutionProperties) = preSolution
		HideSolutionNode = FALSE
	EndGlobalSection
	GlobalSection(NestedProjects) = preSolution
		{503AA0F6-BAFD-40A8-A048-A68BC5F6FB3E} = {B7604DB4-D15F-44AD-AD05-03CDF4BECC1A}
		{48B0A396-105E-4419-B5A5-FDF8A6575867} = {C3881D12-BADA-4261-A823-6DF825DD468A}
		{913E5ACB-96C5-4104-BCEA-3DC2005F9977} = {B2E25360-0B31-4AF2-903A-CA601BFE2412}
		{A592CE8F-BE89-4557-9F08-3C2CA66025FB} = {B2E25360-0B31-4AF2-903A-CA601BFE2412}
	EndGlobalSection
	GlobalSection(ExtensibilityGlobals) = postSolution
		SolutionGuid = {82FC58E7-FFFB-4968-A0BC-AB73B8C72ED2}
	EndGlobalSection
EndGlobal
